
Microsoft Visual Studio Solution File, Format Version 12.00
# Visual Studio 2012
Project("{FAE04EC0-301F-11D3-BF4B-00C04F79EFBC}") = "Blog2Github", "Blog2Github\Blog2Github.csproj", "{C7CBA5EE-8E64-46C3-A7A8-62E54048A520}"
EndProject
Global
	GlobalSection(SolutionConfigurationPlatforms) = preSolution
		Debug|Any CPU = Debug|Any CPU
		Release|Any CPU = Release|Any CPU
	EndGlobalSection
	GlobalSection(ProjectConfigurationPlatforms) = postSolution
		{C7CBA5EE-8E64-46C3-A7A8-62E54048A520}.Debug|Any CPU.ActiveCfg = Debug|Any CPU
		{C7CBA5EE-8E64-46C3-A7A8-62E54048A520}.Debug|Any CPU.Build.0 = Debug|Any CPU
		{C7CBA5EE-8E64-46C3-A7A8-62E54048A520}.Release|Any CPU.ActiveCfg = Release|Any CPU
		{C7CBA5EE-8E64-46C3-A7A8-62E54048A520}.Release|Any CPU.Build.0 = Release|Any CPU
	EndGlobalSection
	GlobalSection(SolutionProperties) = preSolution
		HideSolutionNode = FALSE
	EndGlobalSection
EndGlobal
